
Microsoft Visual Studio Solution File, Format Version 12.00
# Visual Studio Version 17
VisualStudioVersion = 17.6.33815.320
MinimumVisualStudioVersion = 10.0.40219.1
Project("{9A19103F-16F7-4668-BE54-9A1E7A4F7556}") = "TimeasyAPI", "TimeasyAPI.csproj", "{98A193CD-C678-4077-87B9-57E0C1E699A6}"
EndProject
Project("{9A19103F-16F7-4668-BE54-9A1E7A4F7556}") = "TimeasyCore", "TimeasyCore\TimeasyCore.csproj", "{CB588488-4CCB-4B9D-AF6C-B28D04C61DA7}"
	ProjectSection(ProjectDependencies) = postProject
		{98A193CD-C678-4077-87B9-57E0C1E699A6} = {98A193CD-C678-4077-87B9-57E0C1E699A6}
	EndProjectSection
EndProject
Global
	GlobalSection(SolutionConfigurationPlatforms) = preSolution
		Debug|Any CPU = Debug|Any CPU
		Release|Any CPU = Release|Any CPU
	EndGlobalSection
	GlobalSection(ProjectConfigurationPlatforms) = postSolution
		{98A193CD-C678-4077-87B9-57E0C1E699A6}.Debug|Any CPU.ActiveCfg = Debug|Any CPU
		{98A193CD-C678-4077-87B9-57E0C1E699A6}.Debug|Any CPU.Build.0 = Debug|Any CPU
		{98A193CD-C678-4077-87B9-57E0C1E699A6}.Release|Any CPU.ActiveCfg = Release|Any CPU
		{98A193CD-C678-4077-87B9-57E0C1E699A6}.Release|Any CPU.Build.0 = Release|Any CPU
		{CB588488-4CCB-4B9D-AF6C-B28D04C61DA7}.Debug|Any CPU.ActiveCfg = Debug|Any CPU
		{CB588488-4CCB-4B9D-AF6C-B28D04C61DA7}.Debug|Any CPU.Build.0 = Debug|Any CPU
		{CB588488-4CCB-4B9D-AF6C-B28D04C61DA7}.Release|Any CPU.ActiveCfg = Release|Any CPU
		{CB588488-4CCB-4B9D-AF6C-B28D04C61DA7}.Release|Any CPU.Build.0 = Release|Any CPU
	EndGlobalSection
	GlobalSection(SolutionProperties) = preSolution
		HideSolutionNode = FALSE
	EndGlobalSection
	GlobalSection(ExtensibilityGlobals) = postSolution
		SolutionGuid = {A4A2C4B8-D798-404B-AFFC-043DA225AE3D}
	EndGlobalSection
EndGlobal
